PODS:
  - AFNetworking (3.2.0):
    - AFNetworking/NSURLSession (= 3.2.0)
    - AFNetworking/Reachability (= 3.2.0)
    - AFNetworking/Security (= 3.2.0)
    - AFNetworking/Serialization (= 3.2.0)
    - AFNetworking/UIKit (= 3.2.0)
  - AFNetworking/NSURLSession (3.2.0):
    - AFNetworking/Reachability
    - AFNetworking/Security
    - AFNetworking/Serialization
  - AFNetworking/Reachability (3.2.0)
  - AFNetworking/Security (3.2.0)
  - AFNetworking/Serialization (3.2.0)
  - AFNetworking/UIKit (3.2.0):
    - AFNetworking/NSURLSession
  - IndoorLocation (1.0.4)
  - Mapbox-iOS-SDK (3.7.6)
  - MapwizeForMapbox (1.1.7):
    - AFNetworking
    - IndoorLocation (~> 1.0)
    - Mapbox-iOS-SDK

DEPENDENCIES:
  - IndoorLocation
  - MapwizeForMapbox

SPEC REPOS:
  https://github.com/CocoaPods/Specs.git:
    - AFNetworking
    - IndoorLocation
    - Mapbox-iOS-SDK
    - MapwizeForMapbox

SPEC CHECKSUMS:
  AFNetworking: 8ac6017b94ea105479f7776e5288e48ae9c59bb4
  IndoorLocation: 9812c8c2d499ef25e6146ef90cf23f8d107213a8
  Mapbox-iOS-SDK: 23ececda1d90c3b436b45e2c88e9677f025303c0
  MapwizeForMapbox: 14060ef9c829d972f1ec9d8474a43090bfef18a5

PODFILE CHECKSUM: 0de80425dd63c7e3b929da04ea66f1d4c9ed3ce3

COCOAPODS: 1.5.0
